// !$*UTF8*$!
{
	archiveVersion = 1;
	classes = {
	};
	objectVersion = 50;
	objects = {

/* Begin PBXBuildFile section */
		B276918A24CB0F98004C91FB /* ProductViewController.swift in Sources */ = {isa = PBXBuildFile; fileRef = B276918924CB0F98004C91FB /* ProductViewController.swift */; };
		B276918C24CB0FA3004C91FB /* ProductViewController.storyboard in Resources */ = {isa = PBXBuildFile; fileRef = B276918B24CB0FA3004C91FB /* ProductViewController.storyboard */; };
		B276918E24CB1720004C91FB /* OptNavigationController.swift in Sources */ = {isa = PBXBuildFile; fileRef = B276918D24CB1720004C91FB /* OptNavigationController.swift */; };
		B2AA59FF24CB0A41002AF118 /* ProductModel.swift in Sources */ = {isa = PBXBuildFile; fileRef = B2AA59FE24CB0A41002AF118 /* ProductModel.swift */; };
		B2AA5A0124CB0BCB002AF118 /* ProductCell.swift in Sources */ = {isa = PBXBuildFile; fileRef = B2AA5A0024CB0BCB002AF118 /* ProductCell.swift */; };
		B2CFBD6024B2408F0089CA47 /* AppDelegate.swift in Sources */ = {isa = PBXBuildFile; fileRef = B2CFBD5F24B2408F0089CA47 /* AppDelegate.swift */; };
		B2CFBD6224B2408F0089CA47 /* SceneDelegate.swift in Sources */ = {isa = PBXBuildFile; fileRef = B2CFBD6124B2408F0089CA47 /* SceneDelegate.swift */; };
		B2CFBD6424B2408F0089CA47 /* ViewController.swift in Sources */ = {isa = PBXBuildFile; fileRef = B2CFBD6324B2408F0089CA47 /* ViewController.swift */; };
		B2CFBD6724B2408F0089CA47 /* Main.storyboard in Resources */ = {isa = PBXBuildFile; fileRef = B2CFBD6524B2408F0089CA47 /* Main.storyboard */; };
		B2CFBD6924B240980089CA47 /* Assets.xcassets in Resources */ = {isa = PBXBuildFile; fileRef = B2CFBD6824B240980089CA47 /* Assets.xcassets */; };
		B2CFBD6C24B240980089CA47 /* LaunchScreen.storyboard in Resources */ = {isa = PBXBuildFile; fileRef = B2CFBD6A24B240980089CA47 /* LaunchScreen.storyboard */; };
/* End PBXBuildFile section */

/* Begin PBXFileReference section */
		B276918924CB0F98004C91FB /* ProductViewController.swift */ = {isa = PBXFileReference; lastKnownFileType = sourcecode.swift; path = ProductViewController.swift; sourceTree = "<group>"; };
		B276918B24CB0FA3004C91FB /* ProductViewController.storyboard */ = {isa = PBXFileReference; lastKnownFileType = file.storyboard; path = ProductViewController.storyboard; sourceTree = "<group>"; };
		B276918D24CB1720004C91FB /* OptNavigationController.swift */ = {isa = PBXFileReference; lastKnownFileType = sourcecode.swift; path = OptNavigationController.swift; sourceTree = "<group>"; };
		B2AA59FE24CB0A41002AF118 /* ProductModel.swift */ = {isa = PBXFileReference; lastKnownFileType = sourcecode.swift; path = ProductModel.swift; sourceTree = "<group>"; };
		B2AA5A0024CB0BCB002AF118 /* ProductCell.swift */ = {isa = PBXFileReference; lastKnownFileType = sourcecode.swift; path = ProductCell.swift; sourceTree = "<group>"; };
		B2CFBD5C24B2408F0089CA47 /* NavigationTest.app */ = {isa = PBXFileReference; explicitFileType = wrapper.application; includeInIndex = 0; path = NavigationTest.app; sourceTree = BUILT_PRODUCTS_DIR; };
		B2CFBD5F24B2408F0089CA47 /* AppDelegate.swift */ = {isa = PBXFileReference; lastKnownFileType = sourcecode.swift; path = AppDelegate.swift; sourceTree = "<group>"; };
		B2CFBD6124B2408F0089CA47 /* SceneDelegate.swift */ = {isa = PBXFileReference; lastKnownFileType = sourcecode.swift; path = SceneDelegate.swift; sourceTree = "<group>"; };
		B2CFBD6324B2408F0089CA47 /* ViewController.swift */ = {isa = PBXFileReference; lastKnownFileType = sourcecode.swift; path = ViewController.swift; sourceTree = "<group>"; };
		B2CFBD6624B2408F0089CA47 /* Base */ = {isa = PBXFileReference; lastKnownFileType = file.storyboard; name = Base; path = Base.lproj/Main.storyboard; sourceTree = "<group>"; };
		B2CFBD6824B240980089CA47 /* Assets.xcassets */ = {isa = PBXFileReference; lastKnownFileType = folder.assetcatalog; path = Assets.xcassets; sourceTree = "<group>"; };
		B2CFBD6B24B240980089CA47 /* Base */ = {isa = PBXFileReference; lastKnownFileType = file.storyboard; name = Base; path = Base.lproj/LaunchScreen.storyboard; sourceTree = "<group>"; };
		B2CFBD6D24B240980089CA47 /* Info.plist */ = {isa = PBXFileReference; lastKnownFileType = text.plist.xml; path = Info.plist; sourceTree = "<group>"; };
/* End PBXFileReference section */

/* Begin PBXFrameworksBuildPhase section */
		B2CFBD5924B2408F0089CA47 /* Frameworks */ = {
			isa = PBXFrameworksBuildPhase;
			buildActionMask = 2147483647;
			files = (
			);
			runOnlyForDeploymentPostprocessing = 0;
		};
/* End PBXFrameworksBuildPhase section */

/* Begin PBXGroup section */
		B2CFBD5324B2408F0089CA47 = {
			isa = PBXGroup;
			children = (
				B2CFBD5E24B2408F0089CA47 /* NavigationTest */,
				B2CFBD5D24B2408F0089CA47 /* Products */,
			);
			sourceTree = "<group>";
		};
		B2CFBD5D24B2408F0089CA47 /* Products */ = {
			isa = PBXGroup;
			children = (
				B2CFBD5C24B2408F0089CA47 /* NavigationTest.app */,
			);
			name = Products;
			sourceTree = "<group>";
		};
		B2CFBD5E24B2408F0089CA47 /* NavigationTest */ = {
			isa = PBXGroup;
			children = (
				B2CFBD5F24B2408F0089CA47 /* AppDelegate.swift */,
				B2CFBD6124B2408F0089CA47 /* SceneDelegate.swift */,
				B276918D24CB1720004C91FB /* OptNavigationController.swift */,
				B2CFBD6324B2408F0089CA47 /* ViewController.swift */,
				B2CFBD6524B2408F0089CA47 /* Main.storyboard */,
				B2AA5A0024CB0BCB002AF118 /* ProductCell.swift */,
				B2AA59FE24CB0A41002AF118 /* ProductModel.swift */,
				B276918924CB0F98004C91FB /* ProductViewController.swift */,
				B276918B24CB0FA3004C91FB /* ProductViewController.storyboard */,
				B2CFBD6824B240980089CA47 /* Assets.xcassets */,
				B2CFBD6A24B240980089CA47 /* LaunchScreen.storyboard */,
				B2CFBD6D24B240980089CA47 /* Info.plist */,
			);
			path = NavigationTest;
			sourceTree = "<group>";
		};
/* End PBXGroup section */

/* Begin PBXNativeTarget section */
		B2CFBD5B24B2408F0089CA47 /* NavigationTest */ = {
			isa = PBXNativeTarget;
			buildConfigurationList = B2CFBD7024B240980089CA47 /* Build configuration list for PBXNativeTarget "NavigationTest" */;
			buildPhases = (
				B2CFBD5824B2408F0089CA47 /* Sources */,
				B2CFBD5924B2408F0089CA47 /* Frameworks */,
				B2CFBD5A24B2408F0089CA47 /* Resources */,
			);
			buildRules = (
			);
			dependencies = (
			);
			name = NavigationTest;
			productName = NavigationTest;
			productReference = B2CFBD5C24B2408F0089CA47 /* NavigationTest.app */;
			productType = "com.apple.product-type.application";
		};
/* End PBXNativeTarget section */

/* Begin PBXProject section */
		B2CFBD5424B2408F0089CA47 /* Project object */ = {
			isa = PBXProject;
			attributes = {
				LastSwiftUpdateCheck = 1150;
				LastUpgradeCheck = 1150;
				ORGANIZATIONNAME = "Serge Sukhanov";
				TargetAttributes = {
					B2CFBD5B24B2408F0089CA47 = {
						CreatedOnToolsVersion = 11.5;
					};
				};
			};
			buildConfigurationList = B2CFBD5724B2408F0089CA47 /* Build configuration list for PBXProject "NavigationTest" */;
			compatibilityVersion = "Xcode 9.3";
			developmentRegion = en;
			hasScannedForEncodings = 0;
			knownRegions = (
				en,
				Base,
			);
			mainGroup = B2CFBD5324B2408F0089CA47;
			productRefGroup = B2CFBD5D24B2408F0089CA47 /* Products */;
			projectDirPath = "";
			projectRoot = "";
			targets = (
				B2CFBD5B24B2408F0089CA47 /* NavigationTest */,
			);
		};
/* End PBXProject section */

/* Begin PBXResourcesBuildPhase section */
		B2CFBD5A24B2408F0089CA47 /* Resources */ = {
			isa = PBXResourcesBuildPhase;
			buildActionMask = 2147483647;
			files = (
				B2CFBD6C24B240980089CA47 /* LaunchScreen.storyboard in Resources */,
				B2CFBD6924B240980089CA47 /* Assets.xcassets in Resources */,
				B276918C24CB0FA3004C91FB /* ProductViewController.storyboard in Resources */,
				B2CFBD6724B2408F0089CA47 /* Main.storyboard in Resources */,
			);
			runOnlyForDeploymentPostprocessing = 0;
		};
/* End PBXResourcesBuildPhase section */

/* Begin PBXSourcesBuildPhase section */
		B2CFBD5824B2408F0089CA47 /* Sources */ = {
			isa = PBXSourcesBuildPhase;
			buildActionMask = 2147483647;
			files = (
				B276918A24CB0F98004C91FB /* ProductViewController.swift in Sources */,
				B2CFBD6424B2408F0089CA47 /* ViewController.swift in Sources */,
				B2CFBD6024B2408F0089CA47 /* AppDelegate.swift in Sources */,
				B2AA5A0124CB0BCB002AF118 /* ProductCell.swift in Sources */,
				B2CFBD6224B2408F0089CA47 /* SceneDelegate.swift in Sources */,
				B2AA59FF24CB0A41002AF118 /* ProductModel.swift in Sources */,
				B276918E24CB1720004C91FB /* OptNavigationController.swift in Sources */,
			);
			runOnlyForDeploymentPostprocessing = 0;
		};
/* End PBXSourcesBuildPhase section */

/* Begin PBXVariantGroup section */
		B2CFBD6524B2408F0089CA47 /* Main.storyboard */ = {
			isa = PBXVariantGroup;
			children = (
				B2CFBD6624B2408F0089CA47 /* Base */,
			);
			name = Main.storyboard;
			sourceTree = "<group>";
		};
		B2CFBD6A24B240980089CA47 /* LaunchScreen.storyboard */ = {
			isa = PBXVariantGroup;
			children = (
				B2CFBD6B24B240980089CA47 /* Base */,
			);
			name = LaunchScreen.storyboard;
			sourceTree = "<group>";
		};
/* End PBXVariantGroup section */

/* Begin XCBuildConfiguration section */
		B2CFBD6E24B240980089CA47 /* Debug */ = {
			isa = XCBuildConfiguration;
			buildSettings = {
				ALWAYS_SEARCH_USER_PATHS = NO;
				CLANG_ANALYZER_NONNULL = YES;
				CLANG_ANALYZER_NUMBER_OBJECT_CONVERSION = YES_AGGRESSIVE;
				CLANG_CXX_LANGUAGE_STANDARD = "gnu++14";
				CLANG_CXX_LIBRARY = "libc++";
				CLANG_ENABLE_MODULES = YES;
				CLANG_ENABLE_OBJC_ARC = YES;
				CLANG_ENABLE_OBJC_WEAK = YES;
				CLANG_WARN_BLOCK_CAPTURE_AUTORELEASING = YES;
				CLANG_WARN_BOOL_CONVERSION = YES;
				CLANG_WARN_COMMA = YES;
				CLANG_WARN_CONSTANT_CONVERSION = YES;
				CLANG_WARN_DEPRECATED_OBJC_IMPLEMENTATIONS = YES;
				CLANG_WARN_DIRECT_OBJC_ISA_USAGE = YES_ERROR;
				CLANG_WARN_DOCUMENTATION_COMMENTS = YES;
				CLANG_WARN_EMPTY_BODY = YES;
				CLANG_WARN_ENUM_CONVERSION = YES;
				CLANG_WARN_INFINITE_RECURSION = YES;
				CLANG_WARN_INT_CONVERSION = YES;
				CLANG_WARN_NON_LITERAL_NULL_CONVERSION = YES;
				CLANG_WARN_OBJC_IMPLICIT_RETAIN_SELF = YES;
				CLANG_WARN_OBJC_LITERAL_CONVERSION = YES;
				CLANG_WARN_OBJC_ROOT_CLASS = YES_ERROR;
				CLANG_WARN_RANGE_LOOP_ANALYSIS = YES;
				CLANG_WARN_STRICT_PROTOTYPES = YES;
				CLANG_WARN_SUSPICIOUS_MOVE = YES;
				CLANG_WARN_UNGUARDED_AVAILABILITY = YES_AGGRESSIVE;
				CLANG_WARN_UNREACHABLE_CODE = YES;
				CLANG_WARN__DUPLICATE_METHOD_MATCH = YES;
				COPY_PHASE_STRIP = NO;
				DEBUG_INFORMATION_FORMAT = dwarf;
				ENABLE_STRICT_OBJC_MSGSEND = YES;
				ENABLE_TESTABILITY = YES;
				GCC_C_LANGUAGE_STANDARD = gnu11;
				GCC_DYNAMIC_NO_PIC = NO;
				GCC_NO_COMMON_BLOCKS = YES;
				GCC_OPTIMIZATION_LEVEL = 0;
				GCC_PREPROCESSOR_DEFINITIONS = (
					"DEBUG=1",
					"$(inherited)",
				);
				GCC_WARN_64_TO_32_BIT_CONVERSION = YES;
				GCC_WARN_ABOUT_RETURN_TYPE = YES_ERROR;
				GCC_WARN_UNDECLARED_SELECTOR = YES;
				GCC_WARN_UNINITIALIZED_AUTOS = YES_AGGRESSIVE;
				GCC_WARN_UNUSED_FUNCTION = YES;
				GCC_WARN_UNUSED_VARIABLE = YES;
				IPHONEOS_DEPLOYMENT_TARGET = 13.5;
				MTL_ENABLE_DEBUG_INFO = INCLUDE_SOURCE;
				MTL_FAST_MATH = YES;
				ONLY_ACTIVE_ARCH = YES;
				SDKROOT = iphoneos;
				SWIFT_ACTIVE_COMPILATION_CONDITIONS = DEBUG;
				SWIFT_OPTIMIZATION_LEVEL = "-Onone";
			};
			name = Debug;
		};
		B2CFBD6F24B240980089CA47 /* Release */ = {
			isa = XCBuildConfiguration;
			buildSettings = {
				ALWAYS_SEARCH_USER_PATHS = NO;
				CLANG_ANALYZER_NONNULL = YES;
				CLANG_ANALYZER_NUMBER_OBJECT_CONVERSION = YES_AGGRESSIVE;
				CLANG_CXX_LANGUAGE_STANDARD = "gnu++14";
				CLANG_CXX_LIBRARY = "libc++";
				CLANG_ENABLE_MODULES = YES;
				CLANG_ENABLE_OBJC_ARC = YES;
				CLANG_ENABLE_OBJC_WEAK = YES;
				CLANG_WARN_BLOCK_CAPTURE_AUTORELEASING = YES;
				CLANG_WARN_BOOL_CONVERSION = YES;
				CLANG_WARN_COMMA = YES;
				CLANG_WARN_CONSTANT_CONVERSION = YES;
				CLANG_WARN_DEPRECATED_OBJC_IMPLEMENTATIONS = YES;
				CLANG_WARN_DIRECT_OBJC_ISA_USAGE = YES_ERROR;
				CLANG_WARN_DOCUMENTATION_COMMENTS = YES;
				CLANG_WARN_EMPTY_BODY = YES;
				CLANG_WARN_ENUM_CONVERSION = YES;
				CLANG_WARN_INFINITE_RECURSION = YES;
				CLANG_WARN_INT_CONVERSION = YES;
				CLANG_WARN_NON_LITERAL_NULL_CONVERSION = YES;
				CLANG_WARN_OBJC_IMPLICIT_RETAIN_SELF = YES;
				CLANG_WARN_OBJC_LITERAL_CONVERSION = YES;
				CLANG_WARN_OBJC_ROOT_CLASS = YES_ERROR;
				CLANG_WARN_RANGE_LOOP_ANALYSIS = YES;
				CLANG_WARN_STRICT_PROTOTYPES = YES;
				CLANG_WARN_SUSPICIOUS_MOVE = YES;
				CLANG_WARN_UNGUARDED_AVAILABILITY = YES_AGGRESSIVE;
				CLANG_WARN_UNREACHABLE_CODE = YES;
				CLANG_WARN__DUPLICATE_METHOD_MATCH = YES;
				COPY_PHASE_STRIP = NO;
				DEBUG_INFORMATION_FORMAT = "dwarf-with-dsym";
				ENABLE_NS_ASSERTIONS = NO;
				ENABLE_STRICT_OBJC_MSGSEND = YES;
				GCC_C_LANGUAGE_STANDARD = gnu11;
				GCC_NO_COMMON_BLOCKS = YES;
				GCC_WARN_64_TO_32_BIT_CONVERSION = YES;
				GCC_WARN_ABOUT_RETURN_TYPE = YES_ERROR;
				GCC_WARN_UNDECLARED_SELECTOR = YES;
				GCC_WARN_UNINITIALIZED_AUTOS = YES_AGGRESSIVE;
				GCC_WARN_UNUSED_FUNCTION = YES;
				GCC_WARN_UNUSED_VARIABLE = YES;
				IPHONEOS_DEPLOYMENT_TARGET = 13.5;
				MTL_ENABLE_DEBUG_INFO = NO;
				MTL_FAST_MATH = YES;
				SDKROOT = iphoneos;
				SWIFT_COMPILATION_MODE = wholemodule;
				SWIFT_OPTIMIZATION_LEVEL = "-O";
				VALIDATE_PRODUCT = YES;
			};
			name = Release;
		};
		B2CFBD7124B240980089CA47 /* Debug */ = {
			isa = XCBuildConfiguration;
			buildSettings = {
				ASSETCATALOG_COMPILER_APPICON_NAME = AppIcon;
				CODE_SIGN_STYLE = Automatic;
				DEVELOPMENT_TEAM = 3D3JF5D29C;
				INFOPLIST_FILE = NavigationTest/Info.plist;
				LD_RUNPATH_SEARCH_PATHS = (
					"$(inherited)",
					"@executable_path/Frameworks",
				);
				PRODUCT_BUNDLE_IDENTIFIER = com.ssuhanov.NavigationTest;
				PRODUCT_NAME = "$(TARGET_NAME)";
				SWIFT_VERSION = 5.0;
				TARGETED_DEVICE_FAMILY = "1,2";
			};
			name = Debug;
		};
		B2CFBD7224B240980089CA47 /* Release */ = {
			isa = XCBuildConfiguration;
			buildSettings = {
				ASSETCATALOG_COMPILER_APPICON_NAME = AppIcon;
				CODE_SIGN_STYLE = Automatic;
				DEVELOPMENT_TEAM = 3D3JF5D29C;
				INFOPLIST_FILE = NavigationTest/Info.plist;
				LD_RUNPATH_SEARCH_PATHS = (
					"$(inherited)",
					"@executable_path/Frameworks",
				);
				PRODUCT_BUNDLE_IDENTIFIER = com.ssuhanov.NavigationTest;
				PRODUCT_NAME = "$(TARGET_NAME)";
				SWIFT_VERSION = 5.0;
				TARGETED_DEVICE_FAMILY = "1,2";
			};
			name = Release;
		};
/* End XCBuildConfiguration section */

/* Begin XCConfigurationList section */
		B2CFBD5724B2408F0089CA47 /* Build configuration list for PBXProject "NavigationTest" */ = {
			isa = XCConfigurationList;
			buildConfigurations = (
				B2CFBD6E24B240980089CA47 /* Debug */,
				B2CFBD6F24B240980089CA47 /* Release */,
			);
			defaultConfigurationIsVisible = 0;
			defaultConfigurationName = Release;
		};
		B2CFBD7024B240980089CA47 /* Build configuration list for PBXNativeTarget "NavigationTest" */ = {
			isa = XCConfigurationList;
			buildConfigurations = (
				B2CFBD7124B240980089CA47 /* Debug */,
				B2CFBD7224B240980089CA47 /* Release */,
			);
			defaultConfigurationIsVisible = 0;
			defaultConfigurationName = Release;
		};
/* End XCConfigurationList section */
	};
	rootObject = B2CFBD5424B2408F0089CA47 /* Project object */;
}
